
Microsoft Visual Studio Solution File, Format Version 12.00
# Visual Studio Version 17
VisualStudioVersion = 17.7.34031.279
MinimumVisualStudioVersion = 10.0.40219.1
Project("{FAE04EC0-301F-11D3-BF4B-00C04F79EFBC}") = "BCMP", "BCMP\BCMP.csproj", "{8B0BF3FF-4BA5-4233-8256-87B379575687}"
EndProject
Global
	GlobalSection(SolutionConfigurationPlatforms) = preSolution
		Debug|Any CPU = Debug|Any CPU
		Release|Any CPU = Release|Any CPU
	EndGlobalSection
	GlobalSection(ProjectConfigurationPlatforms) = postSolution
		{8B0BF3FF-4BA5-4233-8256-87B379575687}.Debug|Any CPU.ActiveCfg = Debug|Any CPU
		{8B0BF3FF-4BA5-4233-8256-87B379575687}.Debug|Any CPU.Build.0 = Debug|Any CPU
		{8B0BF3FF-4BA5-4233-8256-87B379575687}.Release|Any CPU.ActiveCfg = Release|Any CPU
		{8B0BF3FF-4BA5-4233-8256-87B379575687}.Release|Any CPU.Build.0 = Release|Any CPU
	EndGlobalSection
	GlobalSection(SolutionProperties) = preSolution
		HideSolutionNode = FALSE
	EndGlobalSection
	GlobalSection(ExtensibilityGlobals) = postSolution
		SolutionGuid = {2D69CDF1-E3FB-430C-BAC2-C249CA67270A}
	EndGlobalSection
EndGlobal
